
Microsoft Visual Studio Solution File, Format Version 12.00
# Visual Studio Version 17
VisualStudioVersion = 17.6.33723.286
MinimumVisualStudioVersion = 10.0.40219.1
Project("{FAE04EC0-301F-11D3-BF4B-00C04F79EFBC}") = "ConsoleApp1", "ConsoleApp1.csproj", "{4748C322-0436-4041-9912-8ABE0C44DFDD}"
EndProject
Global
	GlobalSection(SolutionConfigurationPlatforms) = preSolution
		Debug|Any CPU = Debug|Any CPU
		Release|Any CPU = Release|Any CPU
	EndGlobalSection
	GlobalSection(ProjectConfigurationPlatforms) = postSolution
		{4748C322-0436-4041-9912-8ABE0C44DFDD}.Debug|Any CPU.ActiveCfg = Debug|Any CPU
		{4748C322-0436-4041-9912-8ABE0C44DFDD}.Debug|Any CPU.Build.0 = Debug|Any CPU
		{4748C322-0436-4041-9912-8ABE0C44DFDD}.Release|Any CPU.ActiveCfg = Release|Any CPU
		{4748C322-0436-4041-9912-8ABE0C44DFDD}.Release|Any CPU.Build.0 = Release|Any CPU
	EndGlobalSection
	GlobalSection(SolutionProperties) = preSolution
		HideSolutionNode = FALSE
	EndGlobalSection
	GlobalSection(ExtensibilityGlobals) = postSolution
		SolutionGuid = {96885AEA-FD10-45D4-A311-C2A4EBCD8F7E}
	EndGlobalSection
EndGlobal
